{
  "projects": [
    {
      "projectId": "ohDidvG9XsCeFumugENU3J",
      "version": "6.29.0",
      "dependencies": {},
      "lang": "ts",
      "fileLocks": [
        {
          "assetId": "ohDidvG9XsCeFumugENU3J",
          "type": "projectCss",
          "checksum": "ba2a60a163fca4f4d510275088a2be53"
        },
        {
          "assetId": "ohDidvG9XsCeFumugENU3J",
          "checksum": "de0a0e65174a6a185a8f822af51c6bdd",
          "type": "globalContexts"
        }
      ],
      "codegenVersion": "0.0.1"
    },
    {
      "projectId": "gmeH6XgPaBtkt51HunAo4g",
      "version": "18.14.0",
      "dependencies": {},
      "lang": "ts",
      "fileLocks": [
        {
          "assetId": "gmeH6XgPaBtkt51HunAo4g",
          "type": "projectCss",
          "checksum": "1c02168c6b23256606111fdfdbb63549"
        }
      ],
      "codegenVersion": "0.0.1"
    },
    {
      "projectId": "orPHpegkXfnsyZCa6kLatK",
      "version": "latest",
      "dependencies": {
        "gmeH6XgPaBtkt51HunAo4g": "18.14.0",
        "ohDidvG9XsCeFumugENU3J": "6.29.0"
      },
      "lang": "ts",
      "fileLocks": [
        {
          "type": "globalVariant",
          "assetId": "mdMOkRVSd3Wv",
          "checksum": "d6c06a776b22457af3cdf801420d2de8"
        },
        {
          "type": "globalVariant",
          "assetId": "CHVB5T2Pfapv",
          "checksum": "3f313bdadae2303030b7b0368fa202f3"
        },
        {
          "assetId": "orPHpegkXfnsyZCa6kLatK",
          "type": "projectCss",
          "checksum": "20e646821fe1c8063245705ee6c50d63"
        },
        {
          "assetId": "orPHpegkXfnsyZCa6kLatK",
          "checksum": "5105d95a8f6d4b99d5ba621d761ff094",
          "type": "globalContexts"
        },
        {
          "type": "renderModule",
          "assetId": "ZwNhYGbRyRwE",
          "checksum": "862cb2cd763a12d7e1ad43c68e75a2de"
        },
        {
          "type": "cssRules",
          "assetId": "ZwNhYGbRyRwE",
          "checksum": "862cb2cd763a12d7e1ad43c68e75a2de"
        },
        {
          "type": "renderModule",
          "assetId": "iIq611Ma0PfO",
          "checksum": "7a9a68974d4a0f471615ac0b8bd95167"
        },
        {
          "type": "cssRules",
          "assetId": "iIq611Ma0PfO",
          "checksum": "7a9a68974d4a0f471615ac0b8bd95167"
        },
        {
          "type": "renderModule",
          "assetId": "pfhJGwKJL8HB",
          "checksum": "7682a068a57353fa5d006f55b47bac47"
        },
        {
          "type": "cssRules",
          "assetId": "pfhJGwKJL8HB",
          "checksum": "7682a068a57353fa5d006f55b47bac47"
        },
        {
          "type": "renderModule",
          "assetId": "d85BId7VkAI4",
          "checksum": "0b50045b7688b4ef936e7a33a023ed9a"
        },
        {
          "type": "cssRules",
          "assetId": "d85BId7VkAI4",
          "checksum": "0b50045b7688b4ef936e7a33a023ed9a"
        },
        {
          "type": "renderModule",
          "assetId": "p2wlGiF5nbRC",
          "checksum": "e48cdc46cbb535c4ae8bbd7d9ddd5660"
        },
        {
          "type": "cssRules",
          "assetId": "p2wlGiF5nbRC",
          "checksum": "e48cdc46cbb535c4ae8bbd7d9ddd5660"
        },
        {
          "type": "renderModule",
          "assetId": "4KOd_In-K8MH",
          "checksum": "b21a5908afc207a540a484de9f2bc06f"
        },
        {
          "type": "cssRules",
          "assetId": "4KOd_In-K8MH",
          "checksum": "b21a5908afc207a540a484de9f2bc06f"
        },
        {
          "type": "renderModule",
          "assetId": "iWW8gllXlevX",
          "checksum": "5841182614d831019b6f53b6a4383a51"
        },
        {
          "type": "cssRules",
          "assetId": "iWW8gllXlevX",
          "checksum": "5841182614d831019b6f53b6a4383a51"
        },
        {
          "type": "renderModule",
          "assetId": "huZbwUJcgevK",
          "checksum": "2d8c0c306003146a12e516515a0a6690"
        },
        {
          "type": "cssRules",
          "assetId": "huZbwUJcgevK",
          "checksum": "2d8c0c306003146a12e516515a0a6690"
        },
        {
          "type": "renderModule",
          "assetId": "B1CkwnOb2Btf",
          "checksum": "3bbe9703dd5cd209cef535a5d7cafc4b"
        },
        {
          "type": "cssRules",
          "assetId": "B1CkwnOb2Btf",
          "checksum": "3bbe9703dd5cd209cef535a5d7cafc4b"
        },
        {
          "type": "renderModule",
          "assetId": "NOpq3sKcj9K4",
          "checksum": "47cf382b3fa7c2a0398f0c9710a5e067"
        },
        {
          "type": "cssRules",
          "assetId": "NOpq3sKcj9K4",
          "checksum": "47cf382b3fa7c2a0398f0c9710a5e067"
        },
        {
          "type": "renderModule",
          "assetId": "TPfRsLAK0yBw",
          "checksum": "02e2c845ead7f068083b461ab0a2afd7"
        },
        {
          "type": "cssRules",
          "assetId": "TPfRsLAK0yBw",
          "checksum": "02e2c845ead7f068083b461ab0a2afd7"
        },
        {
          "type": "renderModule",
          "assetId": "BmfV22U3_9Tc",
          "checksum": "998772a9187cb87525ee9be2fc9531e2"
        },
        {
          "type": "cssRules",
          "assetId": "BmfV22U3_9Tc",
          "checksum": "998772a9187cb87525ee9be2fc9531e2"
        },
        {
          "type": "renderModule",
          "assetId": "3EP-E6EZOL-j",
          "checksum": "e911a7939380fe0008be2f2442765109"
        },
        {
          "type": "cssRules",
          "assetId": "3EP-E6EZOL-j",
          "checksum": "e911a7939380fe0008be2f2442765109"
        },
        {
          "type": "renderModule",
          "assetId": "PiqWD2EdDkvf",
          "checksum": "3987a287e216d2c7971a4c8b5cf3f8b6"
        },
        {
          "type": "cssRules",
          "assetId": "PiqWD2EdDkvf",
          "checksum": "3987a287e216d2c7971a4c8b5cf3f8b6"
        },
        {
          "type": "renderModule",
          "assetId": "ZS-iIBSCTv7j",
          "checksum": "a028e7daea2788b3106112b79fd27a54"
        },
        {
          "type": "cssRules",
          "assetId": "ZS-iIBSCTv7j",
          "checksum": "a028e7daea2788b3106112b79fd27a54"
        },
        {
          "type": "renderModule",
          "assetId": "fMMSOkbWmL02",
          "checksum": "d6fc112b210f97ea6517aed91fa83b0a"
        },
        {
          "type": "cssRules",
          "assetId": "fMMSOkbWmL02",
          "checksum": "d6fc112b210f97ea6517aed91fa83b0a"
        },
        {
          "type": "renderModule",
          "assetId": "XzRzZOklX2hV",
          "checksum": "5b1db50c19ca8fcf854f65fbe349041b"
        },
        {
          "type": "cssRules",
          "assetId": "XzRzZOklX2hV",
          "checksum": "5b1db50c19ca8fcf854f65fbe349041b"
        },
        {
          "type": "renderModule",
          "assetId": "hN6wZZUk92ow",
          "checksum": "bb15f9e9c30da1e8281d87a8b49db837"
        },
        {
          "type": "cssRules",
          "assetId": "hN6wZZUk92ow",
          "checksum": "bb15f9e9c30da1e8281d87a8b49db837"
        },
        {
          "type": "renderModule",
          "assetId": "u2kfEbJo8pzC",
          "checksum": "3da4f5e16984b2954a3e190a5c8a4bcd"
        },
        {
          "type": "cssRules",
          "assetId": "u2kfEbJo8pzC",
          "checksum": "3da4f5e16984b2954a3e190a5c8a4bcd"
        },
        {
          "type": "renderModule",
          "assetId": "6ufcUUBdY9Hy",
          "checksum": "817ef85aa34252bd3a42dd0242089f7f"
        },
        {
          "type": "cssRules",
          "assetId": "6ufcUUBdY9Hy",
          "checksum": "817ef85aa34252bd3a42dd0242089f7f"
        },
        {
          "type": "renderModule",
          "assetId": "rgg4MFD9GPsV",
          "checksum": "29c23f7a2f3823902b9c8af21be6e046"
        },
        {
          "type": "cssRules",
          "assetId": "rgg4MFD9GPsV",
          "checksum": "29c23f7a2f3823902b9c8af21be6e046"
        },
        {
          "type": "renderModule",
          "assetId": "YxCQ4jlbfD-9",
          "checksum": "d02d1480c3b3c24a7932b7bec59300d8"
        },
        {
          "type": "cssRules",
          "assetId": "YxCQ4jlbfD-9",
          "checksum": "d02d1480c3b3c24a7932b7bec59300d8"
        },
        {
          "type": "renderModule",
          "assetId": "owBwgGMeYLEE",
          "checksum": "08121039c7399be9a6c8f05b0483d958"
        },
        {
          "type": "cssRules",
          "assetId": "owBwgGMeYLEE",
          "checksum": "08121039c7399be9a6c8f05b0483d958"
        },
        {
          "type": "renderModule",
          "assetId": "MZN4BLyoheqJ",
          "checksum": "dc9d9417ecfe35ec4e297690493274f0"
        },
        {
          "type": "cssRules",
          "assetId": "MZN4BLyoheqJ",
          "checksum": "dc9d9417ecfe35ec4e297690493274f0"
        },
        {
          "type": "renderModule",
          "assetId": "3n_9LmZq17IG",
          "checksum": "c3e4d165fd6a175e9355a51b438a5dae"
        },
        {
          "type": "cssRules",
          "assetId": "3n_9LmZq17IG",
          "checksum": "c3e4d165fd6a175e9355a51b438a5dae"
        },
        {
          "type": "renderModule",
          "assetId": "Q2lkJ6Ej0giH",
          "checksum": "e2fd251b70fd893feabbbc05b2ac3686"
        },
        {
          "type": "cssRules",
          "assetId": "Q2lkJ6Ej0giH",
          "checksum": "e2fd251b70fd893feabbbc05b2ac3686"
        },
        {
          "type": "renderModule",
          "assetId": "ZECcAyPJf4bg",
          "checksum": "5cc9a0c775e932df75a7aacd09985f76"
        },
        {
          "type": "cssRules",
          "assetId": "ZECcAyPJf4bg",
          "checksum": "5cc9a0c775e932df75a7aacd09985f76"
        },
        {
          "type": "renderModule",
          "assetId": "g7XFb5mQsHMw",
          "checksum": "810f13949c93002c57ae7eb1ad7a58e1"
        },
        {
          "type": "cssRules",
          "assetId": "g7XFb5mQsHMw",
          "checksum": "810f13949c93002c57ae7eb1ad7a58e1"
        },
        {
          "type": "renderModule",
          "assetId": "MwNwzK13esej",
          "checksum": "a1099da325988440247d6a29814ae9d1"
        },
        {
          "type": "cssRules",
          "assetId": "MwNwzK13esej",
          "checksum": "a1099da325988440247d6a29814ae9d1"
        },
        {
          "type": "renderModule",
          "assetId": "X7_HZ59yNACG",
          "checksum": "f6fc350328d14e5a3d42ebd769ce80c3"
        },
        {
          "type": "cssRules",
          "assetId": "X7_HZ59yNACG",
          "checksum": "f6fc350328d14e5a3d42ebd769ce80c3"
        },
        {
          "type": "renderModule",
          "assetId": "Rn3EkXKteR0k",
          "checksum": "fa77386377347850f58cdf849629156a"
        },
        {
          "type": "cssRules",
          "assetId": "Rn3EkXKteR0k",
          "checksum": "fa77386377347850f58cdf849629156a"
        },
        {
          "type": "renderModule",
          "assetId": "ZATh9TdHim4-",
          "checksum": "7c78a28f66a7e213a01b63dea7c092a9"
        },
        {
          "type": "cssRules",
          "assetId": "ZATh9TdHim4-",
          "checksum": "7c78a28f66a7e213a01b63dea7c092a9"
        },
        {
          "type": "renderModule",
          "assetId": "Yiofzf2Qd5Tj",
          "checksum": "77be894c4f85fb216f47ac61718f4408"
        },
        {
          "type": "cssRules",
          "assetId": "Yiofzf2Qd5Tj",
          "checksum": "77be894c4f85fb216f47ac61718f4408"
        },
        {
          "type": "renderModule",
          "assetId": "bjRtBdfnivza",
          "checksum": "256c5355712035c3acfe5076eded0066"
        },
        {
          "type": "cssRules",
          "assetId": "bjRtBdfnivza",
          "checksum": "256c5355712035c3acfe5076eded0066"
        },
        {
          "type": "renderModule",
          "assetId": "huic3TDZds9G",
          "checksum": "de56680a3c639445767796f601c55122"
        },
        {
          "type": "cssRules",
          "assetId": "huic3TDZds9G",
          "checksum": "de56680a3c639445767796f601c55122"
        },
        {
          "type": "renderModule",
          "assetId": "P-Rlj4kzeace",
          "checksum": "a35703b1d1bc27cdd77c2f6c348bb917"
        },
        {
          "type": "cssRules",
          "assetId": "P-Rlj4kzeace",
          "checksum": "a35703b1d1bc27cdd77c2f6c348bb917"
        },
        {
          "type": "renderModule",
          "assetId": "Ps7sukoO3yj-",
          "checksum": "1fe1711fc3f4beddf91475b19c6080e8"
        },
        {
          "type": "cssRules",
          "assetId": "Ps7sukoO3yj-",
          "checksum": "1fe1711fc3f4beddf91475b19c6080e8"
        },
        {
          "type": "icon",
          "assetId": "y9DXIr-rA6Va",
          "checksum": "d613d0a5a286e059039fe395a2c4c187"
        },
        {
          "type": "icon",
          "assetId": "s55A2QlaYY-S",
          "checksum": "8bbfc108632cafebb2f5c610f3a90328"
        },
        {
          "type": "icon",
          "assetId": "DGjoGeBx6DP7",
          "checksum": "d07bb18b59a136d8c92427b0463eed4e"
        },
        {
          "type": "icon",
          "assetId": "8NfwXy4RmsAE",
          "checksum": "1195bb5b0c843ee7f88fd4f289e3fb82"
        },
        {
          "type": "icon",
          "assetId": "_pLEfCsTnIfz",
          "checksum": "1813f323ea84eab667bd7da946bcd0a2"
        },
        {
          "type": "icon",
          "assetId": "ZUSBJVQPahUI",
          "checksum": "9749b704803bc7cc4555cf144a7651f3"
        },
        {
          "type": "icon",
          "assetId": "lEvXwfHpddbD",
          "checksum": "12ed6d270dc2192da96fdb9ef214188b"
        },
        {
          "type": "icon",
          "assetId": "WsxYwnMKtihf",
          "checksum": "fae8b27f095901c11677f3032256dcc2"
        },
        {
          "type": "icon",
          "assetId": "SVMdFZ3jIWyb",
          "checksum": "e67f572e41a3785c734cff218a4ddcf2"
        },
        {
          "type": "icon",
          "assetId": "Ftr2IKNRll04",
          "checksum": "22b3c969346301bdca0fa0363458e7a5"
        },
        {
          "type": "icon",
          "assetId": "jrYkd80iRUMm",
          "checksum": "47943eac6cddd880365af4692e9505a2"
        },
        {
          "type": "icon",
          "assetId": "LMGMEsIqZnIk",
          "checksum": "532a71b99e0d3b2aeb047d7acd1ffd9b"
        },
        {
          "type": "icon",
          "assetId": "x0HoNXhWui-T",
          "checksum": "025434710e78e7511889c2ab83d12629"
        },
        {
          "type": "icon",
          "assetId": "9qO_bjF6wmiy",
          "checksum": "f719c210eee16fbfe08f7d210f2ed546"
        },
        {
          "type": "icon",
          "assetId": "brYXa2NtMl3i",
          "checksum": "5002d26522f179dc7589ec1d85038c58"
        },
        {
          "type": "icon",
          "assetId": "I73kfnpQsboJ",
          "checksum": "010e0bd4c22813ae9c4937ba85095b2f"
        },
        {
          "type": "icon",
          "assetId": "WwD3-8_8AoKe",
          "checksum": "77bbc531f6b8eea3c9f55cd439e224f7"
        },
        {
          "type": "icon",
          "assetId": "46RluVBAxcpT",
          "checksum": "32f61fc6f4b44064802419bb629c1561"
        },
        {
          "type": "icon",
          "assetId": "3fuNVKn1ODwG",
          "checksum": "f674b375ae64d42798232c6c2f2c83b5"
        },
        {
          "type": "icon",
          "assetId": "cQAHVYk9-QMN",
          "checksum": "275eb0e7d49624285f5fbf7e253f3d2e"
        },
        {
          "type": "icon",
          "assetId": "ilHZakykVoBm",
          "checksum": "69076f1290c3a34e5e7c34a1abb2bf4a"
        },
        {
          "type": "icon",
          "assetId": "mQ-LJEYaqQvt",
          "checksum": "ea72065df1ea0f014e49dc83d849a13f"
        },
        {
          "type": "icon",
          "assetId": "AZP4aaG-MhET",
          "checksum": "1fd05c751a74b45b1d1b345586a61bee"
        },
        {
          "type": "icon",
          "assetId": "TodwcFRWKlQU",
          "checksum": "b6a938a95137288a49ead51ffe35a912"
        },
        {
          "type": "icon",
          "assetId": "9fJco31tJF44",
          "checksum": "3f269a3625f32716ba17c99943f68034"
        },
        {
          "type": "icon",
          "assetId": "80gfzuFHPKbB",
          "checksum": "eac8e1144833e637447f6c69c5fb14b8"
        },
        {
          "type": "icon",
          "assetId": "r6EQmBRwKBEe",
          "checksum": "798b36ce33e8b5041c92eada3e24cce3"
        },
        {
          "type": "icon",
          "assetId": "HP5Oajwz7sqJ",
          "checksum": "a985b8aaca375a1df4041aad8aa9b032"
        },
        {
          "type": "icon",
          "assetId": "htCa5auknjzZ",
          "checksum": "7087c5d140460f60013c110724925960"
        },
        {
          "type": "icon",
          "assetId": "T-xOTypLyxqT",
          "checksum": "16a5d4ca21ec9f901791b73666d1057d"
        },
        {
          "type": "icon",
          "assetId": "YtkYwsOuC2L1",
          "checksum": "4e9f2a7dbb2547dd7057fad1c84a1ca6"
        },
        {
          "type": "icon",
          "assetId": "TTlcrowj2Bpj",
          "checksum": "07c8eac9b4e24ecf69f459fafee48d64"
        },
        {
          "type": "icon",
          "assetId": "QndmiDcp-DlO",
          "checksum": "aafaabb91d475493d970182836f3fa12"
        },
        {
          "type": "icon",
          "assetId": "PIN5E39KJSke",
          "checksum": "2038c1400db1a42277946d82a6888538"
        },
        {
          "type": "icon",
          "assetId": "AwYI4x7TUooy",
          "checksum": "47109575bf188d323543f04d468b9255"
        },
        {
          "type": "icon",
          "assetId": "VJp14mbNLW5v",
          "checksum": "270c10befd8c35e4c1e743bb74b3a2f8"
        },
        {
          "type": "icon",
          "assetId": "dFRks01XdLX7",
          "checksum": "e80637558b4a6e2cf042b7ef1351095c"
        },
        {
          "type": "icon",
          "assetId": "gNTSv0Xu-bR4",
          "checksum": "7147c1c6e997fbe879b7373a3eb6871a"
        },
        {
          "type": "icon",
          "assetId": "tvfQrbBwl8wG",
          "checksum": "c5ca4dec770c16b0fae17d0ec1964053"
        },
        {
          "type": "icon",
          "assetId": "x9X_eNkYVox9",
          "checksum": "bf2bdeb8eda098f613e3f74ebc8a7528"
        },
        {
          "type": "icon",
          "assetId": "94S74nPTH99-",
          "checksum": "aa6b026313841dd29ee6ce65819eb9ab"
        },
        {
          "type": "image",
          "assetId": "X-95GJS29OF0",
          "checksum": "7d00d4d1efa1136378aaed1672c2f253"
        },
        {
          "type": "image",
          "assetId": "haQfps5zHw9N",
          "checksum": "2d75615bb92f9f6ae6364696fd005392"
        },
        {
          "type": "image",
          "assetId": "3_3Go-FWx0wi",
          "checksum": "eecafb94af4bac27879a495d78e38ab0"
        },
        {
          "type": "image",
          "assetId": "OIb6kH1Bs6UR",
          "checksum": "87e2b71804d933e7e4efa1a3f209d2a3"
        },
        {
          "type": "image",
          "assetId": "BTR_ZAWZmzNy",
          "checksum": "56fed963040ef7170638ea9edabf1291"
        },
        {
          "type": "image",
          "assetId": "o5LPpQwhs42N",
          "checksum": "ec92573948c780ff9671e6697c99b3bd"
        },
        {
          "type": "image",
          "assetId": "AqXyLNfC_Wrj",
          "checksum": "a7a38b16b743c11e7f07693a8e7833cd"
        },
        {
          "type": "image",
          "assetId": "ya5FfFrDb30w",
          "checksum": "77437340c2b4fa02f689aa54d2455bf0"
        }
      ],
      "codegenVersion": "0.0.1"
    }
  ],
  "cliVersion": "0.1.335"
}
